github.com/setanarut/v v1.1.1 h1:Y5hlOHbHQxT21PDSQFLBHd+OQHClmfG+CSnq1LytxZA=
github.com/setanarut/v v1.1.1/go.mod h1:g4nFgNBw7ulbO6VYnHeAdWqATCBWHjI6IX6uh/fRJEw=
github.com/setanarut/v v1.2.4 h1:mq4LuOO1tYZ2Ng6BpVAIWCuZjFxvBXBfbTp7Lh0BLxI=
github.com/setanarut/v v1.2.4/go.mod h1:/EX95JGm9AilgfEaFCYlOz95IqJGVfCt/7r2i1rNRbw=
